
Microsoft Visual Studio Solution File, Format Version 12.00
# Visual Studio Version 16
VisualStudioVersion = 25.0.1703.3
MinimumVisualStudioVersion = 10.0.40219.1
Project("{FAE04EC0-301F-11D3-BF4B-00C04F79EFBC}") = "DataAccess", "DataAccess\DataAccess.csproj", "{CA3AE87D-ADA1-437B-BFB6-5299772CAFB3}"
EndProject
Project("{FAE04EC0-301F-11D3-BF4B-00C04F79EFBC}") = "Business", "Business\Business.csproj", "{8FC563CF-13C5-452B-A9BD-94466A90DE07}"
EndProject
Project("{FAE04EC0-301F-11D3-BF4B-00C04F79EFBC}") = "Entities", "Entities\Entities.csproj", "{DBABDDDE-6B99-47D7-920C-73A91225E81A}"
EndProject
Project("{FAE04EC0-301F-11D3-BF4B-00C04F79EFBC}") = "ConsoleUI", "ConsoleUI\ConsoleUI.csproj", "{71DD5DC2-E69C-4928-B0C3-0D06BA81451D}"
EndProject
Project("{FAE04EC0-301F-11D3-BF4B-00C04F79EFBC}") = "Core", "Core\Core.csproj", "{45531066-13A5-4223-8CEC-FF2340B87447}"
EndProject
Project("{FAE04EC0-301F-11D3-BF4B-00C04F79EFBC}") = "WebAPI", "WebAPI\WebAPI.csproj", "{7984813A-961D-4B59-A81A-247017AD6F16}"
EndProject
Global
	GlobalSection(SolutionConfigurationPlatforms) = preSolution
		Debug|Any CPU = Debug|Any CPU
		Release|Any CPU = Release|Any CPU
	EndGlobalSection
	GlobalSection(ProjectConfigurationPlatforms) = postSolution
		{CA3AE87D-ADA1-437B-BFB6-5299772CAFB3}.Debug|Any CPU.ActiveCfg = Debug|Any CPU
		{CA3AE87D-ADA1-437B-BFB6-5299772CAFB3}.Debug|Any CPU.Build.0 = Debug|Any CPU
		{CA3AE87D-ADA1-437B-BFB6-5299772CAFB3}.Release|Any CPU.ActiveCfg = Release|Any CPU
		{CA3AE87D-ADA1-437B-BFB6-5299772CAFB3}.Release|Any CPU.Build.0 = Release|Any CPU
		{8FC563CF-13C5-452B-A9BD-94466A90DE07}.Debug|Any CPU.ActiveCfg = Debug|Any CPU
		{8FC563CF-13C5-452B-A9BD-94466A90DE07}.Debug|Any CPU.Build.0 = Debug|Any CPU
		{8FC563CF-13C5-452B-A9BD-94466A90DE07}.Release|Any CPU.ActiveCfg = Release|Any CPU
		{8FC563CF-13C5-452B-A9BD-94466A90DE07}.Release|Any CPU.Build.0 = Release|Any CPU
		{DBABDDDE-6B99-47D7-920C-73A91225E81A}.Debug|Any CPU.ActiveCfg = Debug|Any CPU
		{DBABDDDE-6B99-47D7-920C-73A91225E81A}.Debug|Any CPU.Build.0 = Debug|Any CPU
		{DBABDDDE-6B99-47D7-920C-73A91225E81A}.Release|Any CPU.ActiveCfg = Release|Any CPU
		{DBABDDDE-6B99-47D7-920C-73A91225E81A}.Release|Any CPU.Build.0 = Release|Any CPU
		{71DD5DC2-E69C-4928-B0C3-0D06BA81451D}.Debug|Any CPU.ActiveCfg = Debug|Any CPU
		{71DD5DC2-E69C-4928-B0C3-0D06BA81451D}.Debug|Any CPU.Build.0 = Debug|Any CPU
		{71DD5DC2-E69C-4928-B0C3-0D06BA81451D}.Release|Any CPU.ActiveCfg = Release|Any CPU
		{71DD5DC2-E69C-4928-B0C3-0D06BA81451D}.Release|Any CPU.Build.0 = Release|Any CPU
		{45531066-13A5-4223-8CEC-FF2340B87447}.Debug|Any CPU.ActiveCfg = Debug|Any CPU
		{45531066-13A5-4223-8CEC-FF2340B87447}.Debug|Any CPU.Build.0 = Debug|Any CPU
		{45531066-13A5-4223-8CEC-FF2340B87447}.Release|Any CPU.ActiveCfg = Release|Any CPU
		{45531066-13A5-4223-8CEC-FF2340B87447}.Release|Any CPU.Build.0 = Release|Any CPU
		{7984813A-961D-4B59-A81A-247017AD6F16}.Debug|Any CPU.ActiveCfg = Debug|Any CPU
		{7984813A-961D-4B59-A81A-247017AD6F16}.Debug|Any CPU.Build.0 = Debug|Any CPU
		{7984813A-961D-4B59-A81A-247017AD6F16}.Release|Any CPU.ActiveCfg = Release|Any CPU
		{7984813A-961D-4B59-A81A-247017AD6F16}.Release|Any CPU.Build.0 = Release|Any CPU
	EndGlobalSection
	GlobalSection(SolutionProperties) = preSolution
		HideSolutionNode = FALSE
	EndGlobalSection
	GlobalSection(ExtensibilityGlobals) = postSolution
		SolutionGuid = {B27433E0-89F3-40C1-A745-2A30D83D9BFA}
	EndGlobalSection
EndGlobal
